// !$*UTF8*$!
{
	archiveVersion = 1;
	classes = {
	};
	objectVersion = 56;
	objects = {

/* Begin PBXBuildFile section */
		62A5C6F72CE29B6F002A346E /* Assets.xcassets in Resources */ = {isa = PBXBuildFile; fileRef = 62A5C6F62CE29B6F002A346E /* Assets.xcassets */; };
		62A5C7052CE29B70002A346E /* RecipeTests.swift in Sources */ = {isa = PBXBuildFile; fileRef = 62A5C7042CE29B70002A346E /* RecipeTests.swift */; };
		62A5C71E2CE29C84002A346E /* README.md in Resources */ = {isa = PBXBuildFile; fileRef = 62A5C71D2CE29C84002A346E /* README.md */; };
		62A5C7262CE29E8E002A346E /* RecipeListViewModel.swift in Sources */ = {isa = PBXBuildFile; fileRef = 62A5C7252CE29E8E002A346E /* RecipeListViewModel.swift */; };
		62A5C72B2CE2A331002A346E /* RecipeRepository.swift in Sources */ = {isa = PBXBuildFile; fileRef = 62A5C72A2CE2A331002A346E /* RecipeRepository.swift */; };
		62A5C72D2CE2A33B002A346E /* RecipeService.swift in Sources */ = {isa = PBXBuildFile; fileRef = 62A5C72C2CE2A33B002A346E /* RecipeService.swift */; };
		62A5C7312CE2A517002A346E /* Recipe.swift in Sources */ = {isa = PBXBuildFile; fileRef = 62A5C7302CE2A517002A346E /* Recipe.swift */; };
		62A5C7342CE2A609002A346E /* DIContainer.swift in Sources */ = {isa = PBXBuildFile; fileRef = 62A5C7332CE2A609002A346E /* DIContainer.swift */; };
		62A5C7372CE2A67B002A346E /* SceneAssembly.swift in Sources */ = {isa = PBXBuildFile; fileRef = 62A5C7362CE2A67B002A346E /* SceneAssembly.swift */; };
		62A5C73A2CE2A6CA002A346E /* RepositoryAssembly.swift in Sources */ = {isa = PBXBuildFile; fileRef = 62A5C7392CE2A6CA002A346E /* RepositoryAssembly.swift */; };
		62A5C73D2CE2A737002A346E /* RecipeListAssembly.swift in Sources */ = {isa = PBXBuildFile; fileRef = 62A5C73C2CE2A737002A346E /* RecipeListAssembly.swift */; };
		62A5C73F2CE2B532002A346E /* RecipeApp.swift in Sources */ = {isa = PBXBuildFile; fileRef = 62A5C73E2CE2B532002A346E /* RecipeApp.swift */; };
		62A5C7412CE2B65A002A346E /* RecipeListView.swift in Sources */ = {isa = PBXBuildFile; fileRef = 62A5C7402CE2B65A002A346E /* RecipeListView.swift */; };
		62A5C7432CE2BF47002A346E /* Constants.swift in Sources */ = {isa = PBXBuildFile; fileRef = 62A5C7422CE2BF47002A346E /* Constants.swift */; };
		62A5C7462CE2C8F8002A346E /* RecipeListRow.swift in Sources */ = {isa = PBXBuildFile; fileRef = 62A5C7452CE2C8F8002A346E /* RecipeListRow.swift */; };
		62A5C74A2CE2CE2E002A346E /* ImageCache.swift in Sources */ = {isa = PBXBuildFile; fileRef = 62A5C7492CE2CE2E002A346E /* ImageCache.swift */; };
		62A5C74C2CE2CE38002A346E /* ImageLoader.swift in Sources */ = {isa = PBXBuildFile; fileRef = 62A5C74B2CE2CE38002A346E /* ImageLoader.swift */; };
		6C32454E189DF07F06B1F20E /* Pods_Recipe.framework in Frameworks */ = {isa = PBXBuildFile; fileRef = BA3AE31460C030A0CABB6068 /* Pods_Recipe.framework */; };
		B9207300FE718E0084758978 /* Pods_Recipe_RecipeUITests.framework in Frameworks */ = {isa = PBXBuildFile; fileRef = 152C784DC2A8B805526963BB /* Pods_Recipe_RecipeUITests.framework */; };
		E80C585665A2CC0D9A2EE7E8 /* Pods_RecipeTests.framework in Frameworks */ = {isa = PBXBuildFile; fileRef = EB5B5DA37CBCD55C9EEDD6CF /* Pods_RecipeTests.framework */; };
/* End PBXBuildFile section */

/* Begin PBXContainerItemProxy section */
		62A5C7012CE29B70002A346E /* PBXContainerItemProxy */ = {
			isa = PBXContainerItemProxy;
			containerPortal = 62A5C6E22CE29B6E002A346E /* Project object */;
			proxyType = 1;
			remoteGlobalIDString = 62A5C6E92CE29B6E002A346E;
			remoteInfo = Recipe;
		};
		62A5C70B2CE29B70002A346E /* PBXContainerItemProxy */ = {
			isa = PBXContainerItemProxy;
			containerPortal = 62A5C6E22CE29B6E002A346E /* Project object */;
			proxyType = 1;
			remoteGlobalIDString = 62A5C6E92CE29B6E002A346E;
			remoteInfo = Recipe;
		};
/* End PBXContainerItemProxy section */

/* Begin PBXFileReference section */
		0F462E2280E03EBD8EF6F762 /* Pods-RecipeTests.debug.xcconfig */ = {isa = PBXFileReference; includeInIndex = 1; lastKnownFileType = text.xcconfig; name = "Pods-RecipeTests.debug.xcconfig"; path = "Target Support Files/Pods-RecipeTests/Pods-RecipeTests.debug.xcconfig"; sourceTree = "<group>"; };
		152C784DC2A8B805526963BB /* Pods_Recipe_RecipeUITests.framework */ = {isa = PBXFileReference; explicitFileType = wrapper.framework; includeInIndex = 0; path = Pods_Recipe_RecipeUITests.framework; sourceTree = BUILT_PRODUCTS_DIR; };
		28D13264A483B889E1B9C99E /* Pods-Recipe.release.xcconfig */ = {isa = PBXFileReference; includeInIndex = 1; lastKnownFileType = text.xcconfig; name = "Pods-Recipe.release.xcconfig"; path = "Target Support Files/Pods-Recipe/Pods-Recipe.release.xcconfig"; sourceTree = "<group>"; };
		2BCB522A75FC120AE8C1802E /* Pods-Recipe.debug.xcconfig */ = {isa = PBXFileReference; includeInIndex = 1; lastKnownFileType = text.xcconfig; name = "Pods-Recipe.debug.xcconfig"; path = "Target Support Files/Pods-Recipe/Pods-Recipe.debug.xcconfig"; sourceTree = "<group>"; };
		62A5C6EA2CE29B6E002A346E /* Recipe.app */ = {isa = PBXFileReference; explicitFileType = wrapper.application; includeInIndex = 0; path = Recipe.app; sourceTree = BUILT_PRODUCTS_DIR; };
		62A5C6F62CE29B6F002A346E /* Assets.xcassets */ = {isa = PBXFileReference; lastKnownFileType = folder.assetcatalog; path = Assets.xcassets; sourceTree = "<group>"; };
		62A5C6FB2CE29B6F002A346E /* Info.plist */ = {isa = PBXFileReference; lastKnownFileType = text.plist.xml; path = Info.plist; sourceTree = "<group>"; };
		62A5C7002CE29B70002A346E /* RecipeTests.xctest */ = {isa = PBXFileReference; explicitFileType = wrapper.cfbundle; includeInIndex = 0; path = RecipeTests.xctest; sourceTree = BUILT_PRODUCTS_DIR; };
		62A5C7042CE29B70002A346E /* RecipeTests.swift */ = {isa = PBXFileReference; lastKnownFileType = sourcecode.swift; path = RecipeTests.swift; sourceTree = "<group>"; };
		62A5C70A2CE29B70002A346E /* RecipeUITests.xctest */ = {isa = PBXFileReference; explicitFileType = wrapper.cfbundle; includeInIndex = 0; path = RecipeUITests.xctest; sourceTree = BUILT_PRODUCTS_DIR; };
		62A5C71D2CE29C84002A346E /* README.md */ = {isa = PBXFileReference; fileEncoding = 4; lastKnownFileType = net.daringfireball.markdown; path = README.md; sourceTree = SOURCE_ROOT; };
		62A5C7252CE29E8E002A346E /* RecipeListViewModel.swift */ = {isa = PBXFileReference; lastKnownFileType = sourcecode.swift; path = RecipeListViewModel.swift; sourceTree = "<group>"; };
		62A5C72A2CE2A331002A346E /* RecipeRepository.swift */ = {isa = PBXFileReference; lastKnownFileType = sourcecode.swift; path = RecipeRepository.swift; sourceTree = "<group>"; };
		62A5C72C2CE2A33B002A346E /* RecipeService.swift */ = {isa = PBXFileReference; lastKnownFileType = sourcecode.swift; path = RecipeService.swift; sourceTree = "<group>"; };
		62A5C7302CE2A517002A346E /* Recipe.swift */ = {isa = PBXFileReference; lastKnownFileType = sourcecode.swift; path = Recipe.swift; sourceTree = "<group>"; };
		62A5C7332CE2A609002A346E /* DIContainer.swift */ = {isa = PBXFileReference; lastKnownFileType = sourcecode.swift; path = DIContainer.swift; sourceTree = "<group>"; };
		62A5C7362CE2A67B002A346E /* SceneAssembly.swift */ = {isa = PBXFileReference; lastKnownFileType = sourcecode.swift; path = SceneAssembly.swift; sourceTree = "<group>"; };
		62A5C7392CE2A6CA002A346E /* RepositoryAssembly.swift */ = {isa = PBXFileReference; lastKnownFileType = sourcecode.swift; path = RepositoryAssembly.swift; sourceTree = "<group>"; };
		62A5C73C2CE2A737002A346E /* RecipeListAssembly.swift */ = {isa = PBXFileReference; lastKnownFileType = sourcecode.swift; path = RecipeListAssembly.swift; sourceTree = "<group>"; };
		62A5C73E2CE2B532002A346E /* RecipeApp.swift */ = {isa = PBXFileReference; lastKnownFileType = sourcecode.swift; path = RecipeApp.swift; sourceTree = "<group>"; };
		62A5C7402CE2B65A002A346E /* RecipeListView.swift */ = {isa = PBXFileReference; lastKnownFileType = sourcecode.swift; path = RecipeListView.swift; sourceTree = "<group>"; };
		62A5C7422CE2BF47002A346E /* Constants.swift */ = {isa = PBXFileReference; lastKnownFileType = sourcecode.swift; path = Constants.swift; sourceTree = "<group>"; };
		62A5C7452CE2C8F8002A346E /* RecipeListRow.swift */ = {isa = PBXFileReference; lastKnownFileType = sourcecode.swift; path = RecipeListRow.swift; sourceTree = "<group>"; };
		62A5C7492CE2CE2E002A346E /* ImageCache.swift */ = {isa = PBXFileReference; lastKnownFileType = sourcecode.swift; path = ImageCache.swift; sourceTree = "<group>"; };
		62A5C74B2CE2CE38002A346E /* ImageLoader.swift */ = {isa = PBXFileReference; lastKnownFileType = sourcecode.swift; path = ImageLoader.swift; sourceTree = "<group>"; };
		68E11B752051FD1FE8580899 /* Pods-Recipe-RecipeUITests.debug.xcconfig */ = {isa = PBXFileReference; includeInIndex = 1; lastKnownFileType = text.xcconfig; name = "Pods-Recipe-RecipeUITests.debug.xcconfig"; path = "Target Support Files/Pods-Recipe-RecipeUITests/Pods-Recipe-RecipeUITests.debug.xcconfig"; sourceTree = "<group>"; };
		78AF775559AB513C986F4B47 /* Pods-RecipeTests.release.xcconfig */ = {isa = PBXFileReference; includeInIndex = 1; lastKnownFileType = text.xcconfig; name = "Pods-RecipeTests.release.xcconfig"; path = "Target Support Files/Pods-RecipeTests/Pods-RecipeTests.release.xcconfig"; sourceTree = "<group>"; };
		92B7970EF93A035CB98ADF43 /* Pods-Recipe-RecipeUITests.release.xcconfig */ = {isa = PBXFileReference; includeInIndex = 1; lastKnownFileType = text.xcconfig; name = "Pods-Recipe-RecipeUITests.release.xcconfig"; path = "Target Support Files/Pods-Recipe-RecipeUITests/Pods-Recipe-RecipeUITests.release.xcconfig"; sourceTree = "<group>"; };
		BA3AE31460C030A0CABB6068 /* Pods_Recipe.framework */ = {isa = PBXFileReference; explicitFileType = wrapper.framework; includeInIndex = 0; path = Pods_Recipe.framework; sourceTree = BUILT_PRODUCTS_DIR; };
		EB5B5DA37CBCD55C9EEDD6CF /* Pods_RecipeTests.framework */ = {isa = PBXFileReference; explicitFileType = wrapper.framework; includeInIndex = 0; path = Pods_RecipeTests.framework; sourceTree = BUILT_PRODUCTS_DIR; };
/* End PBXFileReference section */

/* Begin PBXFrameworksBuildPhase section */
		62A5C6E72CE29B6E002A346E /* Frameworks */ = {
			isa = PBXFrameworksBuildPhase;
			buildActionMask = 2147483647;
			files = (
				6C32454E189DF07F06B1F20E /* Pods_Recipe.framework in Frameworks */,
			);
			runOnlyForDeploymentPostprocessing = 0;
		};
		62A5C6FD2CE29B70002A346E /* Frameworks */ = {
			isa = PBXFrameworksBuildPhase;
			buildActionMask = 2147483647;
			files = (
				E80C585665A2CC0D9A2EE7E8 /* Pods_RecipeTests.framework in Frameworks */,
			);
			runOnlyForDeploymentPostprocessing = 0;
		};
		62A5C7072CE29B70002A346E /* Frameworks */ = {
			isa = PBXFrameworksBuildPhase;
			buildActionMask = 2147483647;
			files = (
				B9207300FE718E0084758978 /* Pods_Recipe_RecipeUITests.framework in Frameworks */,
			);
			runOnlyForDeploymentPostprocessing = 0;
		};
/* End PBXFrameworksBuildPhase section */

/* Begin PBXGroup section */
		261996C22A5F8927E1EAF076 /* Pods */ = {
			isa = PBXGroup;
			children = (
				2BCB522A75FC120AE8C1802E /* Pods-Recipe.debug.xcconfig */,
				28D13264A483B889E1B9C99E /* Pods-Recipe.release.xcconfig */,
				68E11B752051FD1FE8580899 /* Pods-Recipe-RecipeUITests.debug.xcconfig */,
				92B7970EF93A035CB98ADF43 /* Pods-Recipe-RecipeUITests.release.xcconfig */,
				0F462E2280E03EBD8EF6F762 /* Pods-RecipeTests.debug.xcconfig */,
				78AF775559AB513C986F4B47 /* Pods-RecipeTests.release.xcconfig */,
			);
			path = Pods;
			sourceTree = "<group>";
		};
		62A5C6E12CE29B6E002A346E = {
			isa = PBXGroup;
			children = (
				62A5C6EC2CE29B6E002A346E /* Recipe */,
				62A5C7032CE29B70002A346E /* RecipeTests */,
				62A5C6EB2CE29B6E002A346E /* Products */,
				261996C22A5F8927E1EAF076 /* Pods */,
				7CB01B76444C2A4E1BDB2DFA /* Frameworks */,
			);
			sourceTree = "<group>";
		};
		62A5C6EB2CE29B6E002A346E /* Products */ = {
			isa = PBXGroup;
			children = (
				62A5C6EA2CE29B6E002A346E /* Recipe.app */,
				62A5C7002CE29B70002A346E /* RecipeTests.xctest */,
				62A5C70A2CE29B70002A346E /* RecipeUITests.xctest */,
			);
			name = Products;
			sourceTree = "<group>";
		};
		62A5C6EC2CE29B6E002A346E /* Recipe */ = {
			isa = PBXGroup;
			children = (
				62A5C7322CE2A5F3002A346E /* DependencyInjection */,
				62A5C7272CE2A2A1002A346E /* Data */,
				62A5C71F2CE29E4C002A346E /* Scenes */,
				62A5C7472CE2CE1D002A346E /* Helpers */,
				62A5C6F62CE29B6F002A346E /* Assets.xcassets */,
				62A5C6FB2CE29B6F002A346E /* Info.plist */,
				62A5C71D2CE29C84002A346E /* README.md */,
				62A5C7422CE2BF47002A346E /* Constants.swift */,
				62A5C73E2CE2B532002A346E /* RecipeApp.swift */,
			);
			path = Recipe;
			sourceTree = "<group>";
		};
		62A5C7032CE29B70002A346E /* RecipeTests */ = {
			isa = PBXGroup;
			children = (
				62A5C7042CE29B70002A346E /* RecipeTests.swift */,
			);
			path = RecipeTests;
			sourceTree = "<group>";
		};
		62A5C71F2CE29E4C002A346E /* Scenes */ = {
			isa = PBXGroup;
			children = (
				62A5C72E2CE2A4D7002A346E /* Recipe */,
			);
			path = Scenes;
			sourceTree = "<group>";
		};
		62A5C7202CE29E63002A346E /* RecipeList */ = {
			isa = PBXGroup;
			children = (
				62A5C7442CE2C8EB002A346E /* Components */,
				62A5C7252CE29E8E002A346E /* RecipeListViewModel.swift */,
				62A5C7402CE2B65A002A346E /* RecipeListView.swift */,
			);
			path = RecipeList;
			sourceTree = "<group>";
		};
		62A5C7272CE2A2A1002A346E /* Data */ = {
			isa = PBXGroup;
			children = (
				62A5C72F2CE2A50C002A346E /* Models */,
				62A5C7292CE2A2FC002A346E /* Services */,
				62A5C7282CE2A2F5002A346E /* Repositories */,
			);
			path = Data;
			sourceTree = "<group>";
		};
		62A5C7282CE2A2F5002A346E /* Repositories */ = {
			isa = PBXGroup;
			children = (
				62A5C72A2CE2A331002A346E /* RecipeRepository.swift */,
			);
			path = Repositories;
			sourceTree = "<group>";
		};
		62A5C7292CE2A2FC002A346E /* Services */ = {
			isa = PBXGroup;
			children = (
				62A5C72C2CE2A33B002A346E /* RecipeService.swift */,
			);
			path = Services;
			sourceTree = "<group>";
		};
		62A5C72E2CE2A4D7002A346E /* Recipe */ = {
			isa = PBXGroup;
			children = (
				62A5C7202CE29E63002A346E /* RecipeList */,
			);
			path = Recipe;
			sourceTree = "<group>";
		};
		62A5C72F2CE2A50C002A346E /* Models */ = {
			isa = PBXGroup;
			children = (
				62A5C7302CE2A517002A346E /* Recipe.swift */,
			);
			path = Models;
			sourceTree = "<group>";
		};
		62A5C7322CE2A5F3002A346E /* DependencyInjection */ = {
			isa = PBXGroup;
			children = (
				62A5C7352CE2A662002A346E /* DependencyAssemblers */,
				62A5C7332CE2A609002A346E /* DIContainer.swift */,
			);
			path = DependencyInjection;
			sourceTree = "<group>";
		};
		62A5C7352CE2A662002A346E /* DependencyAssemblers */ = {
			isa = PBXGroup;
			children = (
				62A5C7382CE2A6B3002A346E /* Scenes */,
				62A5C7392CE2A6CA002A346E /* RepositoryAssembly.swift */,
				62A5C7362CE2A67B002A346E /* SceneAssembly.swift */,
			);
			path = DependencyAssemblers;
			sourceTree = "<group>";
		};
		62A5C7382CE2A6B3002A346E /* Scenes */ = {
			isa = PBXGroup;
			children = (
				62A5C73B2CE2A724002A346E /* Recipe */,
			);
			path = Scenes;
			sourceTree = "<group>";
		};
		62A5C73B2CE2A724002A346E /* Recipe */ = {
			isa = PBXGroup;
			children = (
				62A5C73C2CE2A737002A346E /* RecipeListAssembly.swift */,
			);
			path = Recipe;
			sourceTree = "<group>";
		};
		62A5C7442CE2C8EB002A346E /* Components */ = {
			isa = PBXGroup;
			children = (
				62A5C7452CE2C8F8002A346E /* RecipeListRow.swift */,
			);
			path = Components;
			sourceTree = "<group>";
		};
		62A5C7472CE2CE1D002A346E /* Helpers */ = {
			isa = PBXGroup;
			children = (
				62A5C7482CE2CE25002A346E /* Image */,
			);
			path = Helpers;
			sourceTree = "<group>";
		};
		62A5C7482CE2CE25002A346E /* Image */ = {
			isa = PBXGroup;
			children = (
				62A5C7492CE2CE2E002A346E /* ImageCache.swift */,
				62A5C74B2CE2CE38002A346E /* ImageLoader.swift */,
			);
			path = Image;
			sourceTree = "<group>";
		};
		7CB01B76444C2A4E1BDB2DFA /* Frameworks */ = {
			isa = PBXGroup;
			children = (
				BA3AE31460C030A0CABB6068 /* Pods_Recipe.framework */,
				152C784DC2A8B805526963BB /* Pods_Recipe_RecipeUITests.framework */,
				EB5B5DA37CBCD55C9EEDD6CF /* Pods_RecipeTests.framework */,
			);
			name = Frameworks;
			sourceTree = "<group>";
		};
/* End PBXGroup section */

/* Begin PBXNativeTarget section */
		62A5C6E92CE29B6E002A346E /* Recipe */ = {
			isa = PBXNativeTarget;
			buildConfigurationList = 62A5C7142CE29B70002A346E /* Build configuration list for PBXNativeTarget "Recipe" */;
			buildPhases = (
				A0F39F2C568BC3AFC7E915D7 /* [CP] Check Pods Manifest.lock */,
				62A5C6E62CE29B6E002A346E /* Sources */,
				62A5C6E72CE29B6E002A346E /* Frameworks */,
				62A5C6E82CE29B6E002A346E /* Resources */,
				2F26A8D3DA6A453A472FD4B4 /* [CP] Embed Pods Frameworks */,
			);
			buildRules = (
			);
			dependencies = (
			);
			name = Recipe;
			productName = Recipe;
			productReference = 62A5C6EA2CE29B6E002A346E /* Recipe.app */;
			productType = "com.apple.product-type.application";
		};
		62A5C6FF2CE29B70002A346E /* RecipeTests */ = {
			isa = PBXNativeTarget;
			buildConfigurationList = 62A5C7172CE29B70002A346E /* Build configuration list for PBXNativeTarget "RecipeTests" */;
			buildPhases = (
				DBB1C3458B95DFD7C177E245 /* [CP] Check Pods Manifest.lock */,
				62A5C6FC2CE29B70002A346E /* Sources */,
				62A5C6FD2CE29B70002A346E /* Frameworks */,
				62A5C6FE2CE29B70002A346E /* Resources */,
			);
			buildRules = (
			);
			dependencies = (
				62A5C7022CE29B70002A346E /* PBXTargetDependency */,
			);
			name = RecipeTests;
			productName = RecipeTests;
			productReference = 62A5C7002CE29B70002A346E /* RecipeTests.xctest */;
			productType = "com.apple.product-type.bundle.unit-test";
		};
		62A5C7092CE29B70002A346E /* RecipeUITests */ = {
			isa = PBXNativeTarget;
			buildConfigurationList = 62A5C71A2CE29B70002A346E /* Build configuration list for PBXNativeTarget "RecipeUITests" */;
			buildPhases = (
				6F08D32070A078AF5D904539 /* [CP] Check Pods Manifest.lock */,
				62A5C7062CE29B70002A346E /* Sources */,
				62A5C7072CE29B70002A346E /* Frameworks */,
				62A5C7082CE29B70002A346E /* Resources */,
				499751A70FE8CDFCD27994F2 /* [CP] Embed Pods Frameworks */,
			);
			buildRules = (
			);
			dependencies = (
				62A5C70C2CE29B70002A346E /* PBXTargetDependency */,
			);
			name = RecipeUITests;
			productName = RecipeUITests;
			productReference = 62A5C70A2CE29B70002A346E /* RecipeUITests.xctest */;
			productType = "com.apple.product-type.bundle.ui-testing";
		};
/* End PBXNativeTarget section */

/* Begin PBXProject section */
		62A5C6E22CE29B6E002A346E /* Project object */ = {
			isa = PBXProject;
			attributes = {
				BuildIndependentTargetsInParallel = 1;
				LastSwiftUpdateCheck = 1520;
				LastUpgradeCheck = 1520;
				TargetAttributes = {
					62A5C6E92CE29B6E002A346E = {
						CreatedOnToolsVersion = 15.2;
					};
					62A5C6FF2CE29B70002A346E = {
						CreatedOnToolsVersion = 15.2;
						TestTargetID = 62A5C6E92CE29B6E002A346E;
					};
					62A5C7092CE29B70002A346E = {
						CreatedOnToolsVersion = 15.2;
						TestTargetID = 62A5C6E92CE29B6E002A346E;
					};
				};
			};
			buildConfigurationList = 62A5C6E52CE29B6E002A346E /* Build configuration list for PBXProject "Recipe" */;
			compatibilityVersion = "Xcode 14.0";
			developmentRegion = en;
			hasScannedForEncodings = 0;
			knownRegions = (
				en,
				Base,
			);
			mainGroup = 62A5C6E12CE29B6E002A346E;
			productRefGroup = 62A5C6EB2CE29B6E002A346E /* Products */;
			projectDirPath = "";
			projectRoot = "";
			targets = (
				62A5C6E92CE29B6E002A346E /* Recipe */,
				62A5C6FF2CE29B70002A346E /* RecipeTests */,
				62A5C7092CE29B70002A346E /* RecipeUITests */,
			);
		};
/* End PBXProject section */

/* Begin PBXResourcesBuildPhase section */
		62A5C6E82CE29B6E002A346E /* Resources */ = {
			isa = PBXResourcesBuildPhase;
			buildActionMask = 2147483647;
			files = (
				62A5C71E2CE29C84002A346E /* README.md in Resources */,
				62A5C6F72CE29B6F002A346E /* Assets.xcassets in Resources */,
			);
			runOnlyForDeploymentPostprocessing = 0;
		};
		62A5C6FE2CE29B70002A346E /* Resources */ = {
			isa = PBXResourcesBuildPhase;
			buildActionMask = 2147483647;
			files = (
			);
			runOnlyForDeploymentPostprocessing = 0;
		};
		62A5C7082CE29B70002A346E /* Resources */ = {
			isa = PBXResourcesBuildPhase;
			buildActionMask = 2147483647;
			files = (
			);
			runOnlyForDeploymentPostprocessing = 0;
		};
/* End PBXResourcesBuildPhase section */

/* Begin PBXShellScriptBuildPhase section */
		2F26A8D3DA6A453A472FD4B4 /* [CP] Embed Pods Frameworks */ = {
			isa = PBXShellScriptBuildPhase;
			buildActionMask = 2147483647;
			files = (
			);
			inputFileListPaths = (
				"${PODS_ROOT}/Target Support Files/Pods-Recipe/Pods-Recipe-frameworks-${CONFIGURATION}-input-files.xcfilelist",
			);
			name = "[CP] Embed Pods Frameworks";
			outputFileListPaths = (
				"${PODS_ROOT}/Target Support Files/Pods-Recipe/Pods-Recipe-frameworks-${CONFIGURATION}-output-files.xcfilelist",
			);
			runOnlyForDeploymentPostprocessing = 0;
			shellPath = /bin/sh;
			shellScript = "\"${PODS_ROOT}/Target Support Files/Pods-Recipe/Pods-Recipe-frameworks.sh\"\n";
			showEnvVarsInLog = 0;
		};
		499751A70FE8CDFCD27994F2 /* [CP] Embed Pods Frameworks */ = {
			isa = PBXShellScriptBuildPhase;
			buildActionMask = 2147483647;
			files = (
			);
			inputFileListPaths = (
				"${PODS_ROOT}/Target Support Files/Pods-Recipe-RecipeUITests/Pods-Recipe-RecipeUITests-frameworks-${CONFIGURATION}-input-files.xcfilelist",
			);
			name = "[CP] Embed Pods Frameworks";
			outputFileListPaths = (
				"${PODS_ROOT}/Target Support Files/Pods-Recipe-RecipeUITests/Pods-Recipe-RecipeUITests-frameworks-${CONFIGURATION}-output-files.xcfilelist",
			);
			runOnlyForDeploymentPostprocessing = 0;
			shellPath = /bin/sh;
			shellScript = "\"${PODS_ROOT}/Target Support Files/Pods-Recipe-RecipeUITests/Pods-Recipe-RecipeUITests-frameworks.sh\"\n";
			showEnvVarsInLog = 0;
		};
		6F08D32070A078AF5D904539 /* [CP] Check Pods Manifest.lock */ = {
			isa = PBXShellScriptBuildPhase;
			buildActionMask = 2147483647;
			files = (
			);
			inputFileListPaths = (
			);
			inputPaths = (
				"${PODS_PODFILE_DIR_PATH}/Podfile.lock",
				"${PODS_ROOT}/Manifest.lock",
			);
			name = "[CP] Check Pods Manifest.lock";
			outputFileListPaths = (
			);
			outputPaths = (
				"$(DERIVED_FILE_DIR)/Pods-Recipe-RecipeUITests-checkManifestLockResult.txt",
			);
			runOnlyForDeploymentPostprocessing = 0;
			shellPath = /bin/sh;
			shellScript = "diff \"${PODS_PODFILE_DIR_PATH}/Podfile.lock\" \"${PODS_ROOT}/Manifest.lock\" > /dev/null\nif [ $? != 0 ] ; then\n    # print error to STDERR\n    echo \"error: The sandbox is not in sync with the Podfile.lock. Run 'pod install' or update your CocoaPods installation.\" >&2\n    exit 1\nfi\n# This output is used by Xcode 'outputs' to avoid re-running this script phase.\necho \"SUCCESS\" > \"${SCRIPT_OUTPUT_FILE_0}\"\n";
			showEnvVarsInLog = 0;
		};
		A0F39F2C568BC3AFC7E915D7 /* [CP] Check Pods Manifest.lock */ = {
			isa = PBXShellScriptBuildPhase;
			buildActionMask = 2147483647;
			files = (
			);
			inputFileListPaths = (
			);
			inputPaths = (
				"${PODS_PODFILE_DIR_PATH}/Podfile.lock",
				"${PODS_ROOT}/Manifest.lock",
			);
			name = "[CP] Check Pods Manifest.lock";
			outputFileListPaths = (
			);
			outputPaths = (
				"$(DERIVED_FILE_DIR)/Pods-Recipe-checkManifestLockResult.txt",
			);
			runOnlyForDeploymentPostprocessing = 0;
			shellPath = /bin/sh;
			shellScript = "diff \"${PODS_PODFILE_DIR_PATH}/Podfile.lock\" \"${PODS_ROOT}/Manifest.lock\" > /dev/null\nif [ $? != 0 ] ; then\n    # print error to STDERR\n    echo \"error: The sandbox is not in sync with the Podfile.lock. Run 'pod install' or update your CocoaPods installation.\" >&2\n    exit 1\nfi\n# This output is used by Xcode 'outputs' to avoid re-running this script phase.\necho \"SUCCESS\" > \"${SCRIPT_OUTPUT_FILE_0}\"\n";
			showEnvVarsInLog = 0;
		};
		DBB1C3458B95DFD7C177E245 /* [CP] Check Pods Manifest.lock */ = {
			isa = PBXShellScriptBuildPhase;
			buildActionMask = 2147483647;
			files = (
			);
			inputFileListPaths = (
			);
			inputPaths = (
				"${PODS_PODFILE_DIR_PATH}/Podfile.lock",
				"${PODS_ROOT}/Manifest.lock",
			);
			name = "[CP] Check Pods Manifest.lock";
			outputFileListPaths = (
			);
			outputPaths = (
				"$(DERIVED_FILE_DIR)/Pods-RecipeTests-checkManifestLockResult.txt",
			);
			runOnlyForDeploymentPostprocessing = 0;
			shellPath = /bin/sh;
			shellScript = "diff \"${PODS_PODFILE_DIR_PATH}/Podfile.lock\" \"${PODS_ROOT}/Manifest.lock\" > /dev/null\nif [ $? != 0 ] ; then\n    # print error to STDERR\n    echo \"error: The sandbox is not in sync with the Podfile.lock. Run 'pod install' or update your CocoaPods installation.\" >&2\n    exit 1\nfi\n# This output is used by Xcode 'outputs' to avoid re-running this script phase.\necho \"SUCCESS\" > \"${SCRIPT_OUTPUT_FILE_0}\"\n";
			showEnvVarsInLog = 0;
		};
/* End PBXShellScriptBuildPhase section */

/* Begin PBXSourcesBuildPhase section */
		62A5C6E62CE29B6E002A346E /* Sources */ = {
			isa = PBXSourcesBuildPhase;
			buildActionMask = 2147483647;
			files = (
				62A5C74C2CE2CE38002A346E /* ImageLoader.swift in Sources */,
				62A5C7372CE2A67B002A346E /* SceneAssembly.swift in Sources */,
				62A5C74A2CE2CE2E002A346E /* ImageCache.swift in Sources */,
				62A5C7432CE2BF47002A346E /* Constants.swift in Sources */,
				62A5C72B2CE2A331002A346E /* RecipeRepository.swift in Sources */,
				62A5C7412CE2B65A002A346E /* RecipeListView.swift in Sources */,
				62A5C73F2CE2B532002A346E /* RecipeApp.swift in Sources */,
				62A5C73D2CE2A737002A346E /* RecipeListAssembly.swift in Sources */,
				62A5C72D2CE2A33B002A346E /* RecipeService.swift in Sources */,
				62A5C73A2CE2A6CA002A346E /* RepositoryAssembly.swift in Sources */,
				62A5C7312CE2A517002A346E /* Recipe.swift in Sources */,
				62A5C7262CE29E8E002A346E /* RecipeListViewModel.swift in Sources */,
				62A5C7462CE2C8F8002A346E /* RecipeListRow.swift in Sources */,
				62A5C7342CE2A609002A346E /* DIContainer.swift in Sources */,
			);
			runOnlyForDeploymentPostprocessing = 0;
		};
		62A5C6FC2CE29B70002A346E /* Sources */ = {
			isa = PBXSourcesBuildPhase;
			buildActionMask = 2147483647;
			files = (
				62A5C7052CE29B70002A346E /* RecipeTests.swift in Sources */,
			);
			runOnlyForDeploymentPostprocessing = 0;
		};
		62A5C7062CE29B70002A346E /* Sources */ = {
			isa = PBXSourcesBuildPhase;
			buildActionMask = 2147483647;
			files = (
			);
			runOnlyForDeploymentPostprocessing = 0;
		};
/* End PBXSourcesBuildPhase section */

/* Begin PBXTargetDependency section */
		62A5C7022CE29B70002A346E /* PBXTargetDependency */ = {
			isa = PBXTargetDependency;
			target = 62A5C6E92CE29B6E002A346E /* Recipe */;
			targetProxy = 62A5C7012CE29B70002A346E /* PBXContainerItemProxy */;
		};
		62A5C70C2CE29B70002A346E /* PBXTargetDependency */ = {
			isa = PBXTargetDependency;
			target = 62A5C6E92CE29B6E002A346E /* Recipe */;
			targetProxy = 62A5C70B2CE29B70002A346E /* PBXContainerItemProxy */;
		};
/* End PBXTargetDependency section */

/* Begin XCBuildConfiguration section */
		62A5C7122CE29B70002A346E /* Debug */ = {
			isa = XCBuildConfiguration;
			buildSettings = {
				ALWAYS_SEARCH_USER_PATHS = NO;
				ASSETCATALOG_COMPILER_GENERATE_SWIFT_ASSET_SYMBOL_EXTENSIONS = YES;
				CLANG_ANALYZER_NONNULL = YES;
				CLANG_ANALYZER_NUMBER_OBJECT_CONVERSION = YES_AGGRESSIVE;
				CLANG_CXX_LANGUAGE_STANDARD = "gnu++20";
				CLANG_ENABLE_MODULES = YES;
				CLANG_ENABLE_OBJC_ARC = YES;
				CLANG_ENABLE_OBJC_WEAK = YES;
				CLANG_WARN_BLOCK_CAPTURE_AUTORELEASING = YES;
				CLANG_WARN_BOOL_CONVERSION = YES;
				CLANG_WARN_COMMA = YES;
				CLANG_WARN_CONSTANT_CONVERSION = YES;
				CLANG_WARN_DEPRECATED_OBJC_IMPLEMENTATIONS = YES;
				CLANG_WARN_DIRECT_OBJC_ISA_USAGE = YES_ERROR;
				CLANG_WARN_DOCUMENTATION_COMMENTS = YES;
				CLANG_WARN_EMPTY_BODY = YES;
				CLANG_WARN_ENUM_CONVERSION = YES;
				CLANG_WARN_INFINITE_RECURSION = YES;
				CLANG_WARN_INT_CONVERSION = YES;
				CLANG_WARN_NON_LITERAL_NULL_CONVERSION = YES;
				CLANG_WARN_OBJC_IMPLICIT_RETAIN_SELF = YES;
				CLANG_WARN_OBJC_LITERAL_CONVERSION = YES;
				CLANG_WARN_OBJC_ROOT_CLASS = YES_ERROR;
				CLANG_WARN_QUOTED_INCLUDE_IN_FRAMEWORK_HEADER = YES;
				CLANG_WARN_RANGE_LOOP_ANALYSIS = YES;
				CLANG_WARN_STRICT_PROTOTYPES = YES;
				CLANG_WARN_SUSPICIOUS_MOVE = YES;
				CLANG_WARN_UNGUARDED_AVAILABILITY = YES_AGGRESSIVE;
				CLANG_WARN_UNREACHABLE_CODE = YES;
				CLANG_WARN__DUPLICATE_METHOD_MATCH = YES;
				COPY_PHASE_STRIP = NO;
				DEBUG_INFORMATION_FORMAT = dwarf;
				ENABLE_STRICT_OBJC_MSGSEND = YES;
				ENABLE_TESTABILITY = YES;
				ENABLE_USER_SCRIPT_SANDBOXING = YES;
				GCC_C_LANGUAGE_STANDARD = gnu17;
				GCC_DYNAMIC_NO_PIC = NO;
				GCC_NO_COMMON_BLOCKS = YES;
				GCC_OPTIMIZATION_LEVEL = 0;
				GCC_PREPROCESSOR_DEFINITIONS = (
					"DEBUG=1",
					"$(inherited)",
				);
				GCC_WARN_64_TO_32_BIT_CONVERSION = YES;
				GCC_WARN_ABOUT_RETURN_TYPE = YES_ERROR;
				GCC_WARN_UNDECLARED_SELECTOR = YES;
				GCC_WARN_UNINITIALIZED_AUTOS = YES_AGGRESSIVE;
				GCC_WARN_UNUSED_FUNCTION = YES;
				GCC_WARN_UNUSED_VARIABLE = YES;
				IPHONEOS_DEPLOYMENT_TARGET = 17.2;
				LOCALIZATION_PREFERS_STRING_CATALOGS = YES;
				MTL_ENABLE_DEBUG_INFO = INCLUDE_SOURCE;
				MTL_FAST_MATH = YES;
				ONLY_ACTIVE_ARCH = YES;
				SDKROOT = iphoneos;
				SWIFT_ACTIVE_COMPILATION_CONDITIONS = "DEBUG $(inherited)";
				SWIFT_OPTIMIZATION_LEVEL = "-Onone";
			};
			name = Debug;
		};
		62A5C7132CE29B70002A346E /* Release */ = {
			isa = XCBuildConfiguration;
			buildSettings = {
				ALWAYS_SEARCH_USER_PATHS = NO;
				ASSETCATALOG_COMPILER_GENERATE_SWIFT_ASSET_SYMBOL_EXTENSIONS = YES;
				CLANG_ANALYZER_NONNULL = YES;
				CLANG_ANALYZER_NUMBER_OBJECT_CONVERSION = YES_AGGRESSIVE;
				CLANG_CXX_LANGUAGE_STANDARD = "gnu++20";
				CLANG_ENABLE_MODULES = YES;
				CLANG_ENABLE_OBJC_ARC = YES;
				CLANG_ENABLE_OBJC_WEAK = YES;
				CLANG_WARN_BLOCK_CAPTURE_AUTORELEASING = YES;
				CLANG_WARN_BOOL_CONVERSION = YES;
				CLANG_WARN_COMMA = YES;
				CLANG_WARN_CONSTANT_CONVERSION = YES;
				CLANG_WARN_DEPRECATED_OBJC_IMPLEMENTATIONS = YES;
				CLANG_WARN_DIRECT_OBJC_ISA_USAGE = YES_ERROR;
				CLANG_WARN_DOCUMENTATION_COMMENTS = YES;
				CLANG_WARN_EMPTY_BODY = YES;
				CLANG_WARN_ENUM_CONVERSION = YES;
				CLANG_WARN_INFINITE_RECURSION = YES;
				CLANG_WARN_INT_CONVERSION = YES;
				CLANG_WARN_NON_LITERAL_NULL_CONVERSION = YES;
				CLANG_WARN_OBJC_IMPLICIT_RETAIN_SELF = YES;
				CLANG_WARN_OBJC_LITERAL_CONVERSION = YES;
				CLANG_WARN_OBJC_ROOT_CLASS = YES_ERROR;
				CLANG_WARN_QUOTED_INCLUDE_IN_FRAMEWORK_HEADER = YES;
				CLANG_WARN_RANGE_LOOP_ANALYSIS = YES;
				CLANG_WARN_STRICT_PROTOTYPES = YES;
				CLANG_WARN_SUSPICIOUS_MOVE = YES;
				CLANG_WARN_UNGUARDED_AVAILABILITY = YES_AGGRESSIVE;
				CLANG_WARN_UNREACHABLE_CODE = YES;
				CLANG_WARN__DUPLICATE_METHOD_MATCH = YES;
				COPY_PHASE_STRIP = NO;
				DEBUG_INFORMATION_FORMAT = "dwarf-with-dsym";
				ENABLE_NS_ASSERTIONS = NO;
				ENABLE_STRICT_OBJC_MSGSEND = YES;
				ENABLE_USER_SCRIPT_SANDBOXING = YES;
				GCC_C_LANGUAGE_STANDARD = gnu17;
				GCC_NO_COMMON_BLOCKS = YES;
				GCC_WARN_64_TO_32_BIT_CONVERSION = YES;
				GCC_WARN_ABOUT_RETURN_TYPE = YES_ERROR;
				GCC_WARN_UNDECLARED_SELECTOR = YES;
				GCC_WARN_UNINITIALIZED_AUTOS = YES_AGGRESSIVE;
				GCC_WARN_UNUSED_FUNCTION = YES;
				GCC_WARN_UNUSED_VARIABLE = YES;
				IPHONEOS_DEPLOYMENT_TARGET = 17.2;
				LOCALIZATION_PREFERS_STRING_CATALOGS = YES;
				MTL_ENABLE_DEBUG_INFO = NO;
				MTL_FAST_MATH = YES;
				SDKROOT = iphoneos;
				SWIFT_COMPILATION_MODE = wholemodule;
				VALIDATE_PRODUCT = YES;
			};
			name = Release;
		};
		62A5C7152CE29B70002A346E /* Debug */ = {
			isa = XCBuildConfiguration;
			baseConfigurationReference = 2BCB522A75FC120AE8C1802E /* Pods-Recipe.debug.xcconfig */;
			buildSettings = {
				ASSETCATALOG_COMPILER_APPICON_NAME = AppIcon;
				ASSETCATALOG_COMPILER_GLOBAL_ACCENT_COLOR_NAME = AccentColor;
				CODE_SIGN_STYLE = Automatic;
				CURRENT_PROJECT_VERSION = 1;
				ENABLE_USER_SCRIPT_SANDBOXING = NO;
				GENERATE_INFOPLIST_FILE = YES;
				INFOPLIST_FILE = Recipe/Info.plist;
				INFOPLIST_KEY_UIApplicationSupportsIndirectInputEvents = YES;
				INFOPLIST_KEY_UILaunchStoryboardName = "";
				INFOPLIST_KEY_UIMainStoryboardFile = "";
				INFOPLIST_KEY_UISupportedInterfaceOrientations = UIInterfaceOrientationPortrait;
				INFOPLIST_KEY_UISupportedInterfaceOrientations_iPad = "UIInterfaceOrientationLandscapeLeft UIInterfaceOrientationLandscapeRight UIInterfaceOrientationPortrait UIInterfaceOrientationPortraitUpsideDown";
				IPHONEOS_DEPLOYMENT_TARGET = 16.0;
				LD_RUNPATH_SEARCH_PATHS = (
					"$(inherited)",
					"@executable_path/Frameworks",
				);
				MARKETING_VERSION = 1.0;
				PRODUCT_BUNDLE_IDENTIFIER = com.fetch.Recipe;
				PRODUCT_NAME = "$(TARGET_NAME)";
				SWIFT_EMIT_LOC_STRINGS = YES;
				SWIFT_VERSION = 5.0;
				TARGETED_DEVICE_FAMILY = "1,2";
			};
			name = Debug;
		};
		62A5C7162CE29B70002A346E /* Release */ = {
			isa = XCBuildConfiguration;
			baseConfigurationReference = 28D13264A483B889E1B9C99E /* Pods-Recipe.release.xcconfig */;
			buildSettings = {
				ASSETCATALOG_COMPILER_APPICON_NAME = AppIcon;
				ASSETCATALOG_COMPILER_GLOBAL_ACCENT_COLOR_NAME = AccentColor;
				CODE_SIGN_STYLE = Automatic;
				CURRENT_PROJECT_VERSION = 1;
				ENABLE_USER_SCRIPT_SANDBOXING = NO;
				GENERATE_INFOPLIST_FILE = YES;
				INFOPLIST_FILE = Recipe/Info.plist;
				INFOPLIST_KEY_UIApplicationSupportsIndirectInputEvents = YES;
				INFOPLIST_KEY_UILaunchStoryboardName = "";
				INFOPLIST_KEY_UIMainStoryboardFile = "";
				INFOPLIST_KEY_UISupportedInterfaceOrientations = UIInterfaceOrientationPortrait;
				INFOPLIST_KEY_UISupportedInterfaceOrientations_iPad = "UIInterfaceOrientationLandscapeLeft UIInterfaceOrientationLandscapeRight UIInterfaceOrientationPortrait UIInterfaceOrientationPortraitUpsideDown";
				IPHONEOS_DEPLOYMENT_TARGET = 16.0;
				LD_RUNPATH_SEARCH_PATHS = (
					"$(inherited)",
					"@executable_path/Frameworks",
				);
				MARKETING_VERSION = 1.0;
				PRODUCT_BUNDLE_IDENTIFIER = com.fetch.Recipe;
				PRODUCT_NAME = "$(TARGET_NAME)";
				SWIFT_EMIT_LOC_STRINGS = YES;
				SWIFT_VERSION = 5.0;
				TARGETED_DEVICE_FAMILY = "1,2";
			};
			name = Release;
		};
		62A5C7182CE29B70002A346E /* Debug */ = {
			isa = XCBuildConfiguration;
			baseConfigurationReference = 0F462E2280E03EBD8EF6F762 /* Pods-RecipeTests.debug.xcconfig */;
			buildSettings = {
				ALWAYS_EMBED_SWIFT_STANDARD_LIBRARIES = YES;
				BUNDLE_LOADER = "$(TEST_HOST)";
				CODE_SIGN_STYLE = Automatic;
				CURRENT_PROJECT_VERSION = 1;
				GENERATE_INFOPLIST_FILE = YES;
				IPHONEOS_DEPLOYMENT_TARGET = 17.2;
				MARKETING_VERSION = 1.0;
				PRODUCT_BUNDLE_IDENTIFIER = com.fetch.RecipeTests;
				PRODUCT_NAME = "$(TARGET_NAME)";
				SWIFT_EMIT_LOC_STRINGS = NO;
				SWIFT_VERSION = 5.0;
				TARGETED_DEVICE_FAMILY = "1,2";
				TEST_HOST = "$(BUILT_PRODUCTS_DIR)/Recipe.app/$(BUNDLE_EXECUTABLE_FOLDER_PATH)/Recipe";
			};
			name = Debug;
		};
		62A5C7192CE29B70002A346E /* Release */ = {
			isa = XCBuildConfiguration;
			baseConfigurationReference = 78AF775559AB513C986F4B47 /* Pods-RecipeTests.release.xcconfig */;
			buildSettings = {
				ALWAYS_EMBED_SWIFT_STANDARD_LIBRARIES = YES;
				BUNDLE_LOADER = "$(TEST_HOST)";
				CODE_SIGN_STYLE = Automatic;
				CURRENT_PROJECT_VERSION = 1;
				GENERATE_INFOPLIST_FILE = YES;
				IPHONEOS_DEPLOYMENT_TARGET = 17.2;
				MARKETING_VERSION = 1.0;
				PRODUCT_BUNDLE_IDENTIFIER = com.fetch.RecipeTests;
				PRODUCT_NAME = "$(TARGET_NAME)";
				SWIFT_EMIT_LOC_STRINGS = NO;
				SWIFT_VERSION = 5.0;
				TARGETED_DEVICE_FAMILY = "1,2";
				TEST_HOST = "$(BUILT_PRODUCTS_DIR)/Recipe.app/$(BUNDLE_EXECUTABLE_FOLDER_PATH)/Recipe";
			};
			name = Release;
		};
		62A5C71B2CE29B70002A346E /* Debug */ = {
			isa = XCBuildConfiguration;
			baseConfigurationReference = 68E11B752051FD1FE8580899 /* Pods-Recipe-RecipeUITests.debug.xcconfig */;
			buildSettings = {
				ALWAYS_EMBED_SWIFT_STANDARD_LIBRARIES = YES;
				CODE_SIGN_STYLE = Automatic;
				CURRENT_PROJECT_VERSION = 1;
				GENERATE_INFOPLIST_FILE = YES;
				MARKETING_VERSION = 1.0;
				PRODUCT_BUNDLE_IDENTIFIER = com.fetch.RecipeUITests;
				PRODUCT_NAME = "$(TARGET_NAME)";
				SWIFT_EMIT_LOC_STRINGS = NO;
				SWIFT_VERSION = 5.0;
				TARGETED_DEVICE_FAMILY = "1,2";
				TEST_TARGET_NAME = Recipe;
			};
			name = Debug;
		};
		62A5C71C2CE29B70002A346E /* Release */ = {
			isa = XCBuildConfiguration;
			baseConfigurationReference = 92B7970EF93A035CB98ADF43 /* Pods-Recipe-RecipeUITests.release.xcconfig */;
			buildSettings = {
				ALWAYS_EMBED_SWIFT_STANDARD_LIBRARIES = YES;
				CODE_SIGN_STYLE = Automatic;
				CURRENT_PROJECT_VERSION = 1;
				GENERATE_INFOPLIST_FILE = YES;
				MARKETING_VERSION = 1.0;
				PRODUCT_BUNDLE_IDENTIFIER = com.fetch.RecipeUITests;
				PRODUCT_NAME = "$(TARGET_NAME)";
				SWIFT_EMIT_LOC_STRINGS = NO;
				SWIFT_VERSION = 5.0;
				TARGETED_DEVICE_FAMILY = "1,2";
				TEST_TARGET_NAME = Recipe;
			};
			name = Release;
		};
/* End XCBuildConfiguration section */

/* Begin XCConfigurationList section */
		62A5C6E52CE29B6E002A346E /* Build configuration list for PBXProject "Recipe" */ = {
			isa = XCConfigurationList;
			buildConfigurations = (
				62A5C7122CE29B70002A346E /* Debug */,
				62A5C7132CE29B70002A346E /* Release */,
			);
			defaultConfigurationIsVisible = 0;
			defaultConfigurationName = Release;
		};
		62A5C7142CE29B70002A346E /* Build configuration list for PBXNativeTarget "Recipe" */ = {
			isa = XCConfigurationList;
			buildConfigurations = (
				62A5C7152CE29B70002A346E /* Debug */,
				62A5C7162CE29B70002A346E /* Release */,
			);
			defaultConfigurationIsVisible = 0;
			defaultConfigurationName = Release;
		};
		62A5C7172CE29B70002A346E /* Build configuration list for PBXNativeTarget "RecipeTests" */ = {
			isa = XCConfigurationList;
			buildConfigurations = (
				62A5C7182CE29B70002A346E /* Debug */,
				62A5C7192CE29B70002A346E /* Release */,
			);
			defaultConfigurationIsVisible = 0;
			defaultConfigurationName = Release;
		};
		62A5C71A2CE29B70002A346E /* Build configuration list for PBXNativeTarget "RecipeUITests" */ = {
			isa = XCConfigurationList;
			buildConfigurations = (
				62A5C71B2CE29B70002A346E /* Debug */,
				62A5C71C2CE29B70002A346E /* Release */,
			);
			defaultConfigurationIsVisible = 0;
			defaultConfigurationName = Release;
		};
/* End XCConfigurationList section */
	};
	rootObject = 62A5C6E22CE29B6E002A346E /* Project object */;
}
