// !$*UTF8*$!
{
	archiveVersion = 1;
	classes = {
	};
	objectVersion = 56;
	objects = {

/* Begin PBXBuildFile section */
		62A5C6EE2CE29B6E002A346E /* AppDelegate.swift in Sources */ = {isa = PBXBuildFile; fileRef = 62A5C6ED2CE29B6E002A346E /* AppDelegate.swift */; };
		62A5C6F22CE29B6E002A346E /* ViewController.swift in Sources */ = {isa = PBXBuildFile; fileRef = 62A5C6F12CE29B6E002A346E /* ViewController.swift */; };
		62A5C6F72CE29B6F002A346E /* Assets.xcassets in Resources */ = {isa = PBXBuildFile; fileRef = 62A5C6F62CE29B6F002A346E /* Assets.xcassets */; };
		62A5C6FA2CE29B6F002A346E /* LaunchScreen.storyboard in Resources */ = {isa = PBXBuildFile; fileRef = 62A5C6F82CE29B6F002A346E /* LaunchScreen.storyboard */; };
		62A5C7052CE29B70002A346E /* RecipeTests.swift in Sources */ = {isa = PBXBuildFile; fileRef = 62A5C7042CE29B70002A346E /* RecipeTests.swift */; };
		62A5C70F2CE29B70002A346E /* RecipeUITests.swift in Sources */ = {isa = PBXBuildFile; fileRef = 62A5C70E2CE29B70002A346E /* RecipeUITests.swift */; };
		62A5C7112CE29B70002A346E /* RecipeUITestsLaunchTests.swift in Sources */ = {isa = PBXBuildFile; fileRef = 62A5C7102CE29B70002A346E /* RecipeUITestsLaunchTests.swift */; };
		62A5C71E2CE29C84002A346E /* README.md in Resources */ = {isa = PBXBuildFile; fileRef = 62A5C71D2CE29C84002A346E /* README.md */; };
		62A5C7222CE29E7B002A346E /* RecipeListViewController.swift in Sources */ = {isa = PBXBuildFile; fileRef = 62A5C7212CE29E7B002A346E /* RecipeListViewController.swift */; };
		62A5C7242CE29E85002A346E /* RecipeListView.swift in Sources */ = {isa = PBXBuildFile; fileRef = 62A5C7232CE29E85002A346E /* RecipeListView.swift */; };
		62A5C7262CE29E8E002A346E /* RecipeListViewModel.swift in Sources */ = {isa = PBXBuildFile; fileRef = 62A5C7252CE29E8E002A346E /* RecipeListViewModel.swift */; };
/* End PBXBuildFile section */

/* Begin PBXContainerItemProxy section */
		62A5C7012CE29B70002A346E /* PBXContainerItemProxy */ = {
			isa = PBXContainerItemProxy;
			containerPortal = 62A5C6E22CE29B6E002A346E /* Project object */;
			proxyType = 1;
			remoteGlobalIDString = 62A5C6E92CE29B6E002A346E;
			remoteInfo = Recipe;
		};
		62A5C70B2CE29B70002A346E /* PBXContainerItemProxy */ = {
			isa = PBXContainerItemProxy;
			containerPortal = 62A5C6E22CE29B6E002A346E /* Project object */;
			proxyType = 1;
			remoteGlobalIDString = 62A5C6E92CE29B6E002A346E;
			remoteInfo = Recipe;
		};
/* End PBXContainerItemProxy section */

/* Begin PBXFileReference section */
		62A5C6EA2CE29B6E002A346E /* Recipe.app */ = {isa = PBXFileReference; explicitFileType = wrapper.application; includeInIndex = 0; path = Recipe.app; sourceTree = BUILT_PRODUCTS_DIR; };
		62A5C6ED2CE29B6E002A346E /* AppDelegate.swift */ = {isa = PBXFileReference; lastKnownFileType = sourcecode.swift; path = AppDelegate.swift; sourceTree = "<group>"; };
		62A5C6F12CE29B6E002A346E /* ViewController.swift */ = {isa = PBXFileReference; lastKnownFileType = sourcecode.swift; path = ViewController.swift; sourceTree = "<group>"; };
		62A5C6F62CE29B6F002A346E /* Assets.xcassets */ = {isa = PBXFileReference; lastKnownFileType = folder.assetcatalog; path = Assets.xcassets; sourceTree = "<group>"; };
		62A5C6F92CE29B6F002A346E /* Base */ = {isa = PBXFileReference; lastKnownFileType = file.storyboard; name = Base; path = Base.lproj/LaunchScreen.storyboard; sourceTree = "<group>"; };
		62A5C6FB2CE29B6F002A346E /* Info.plist */ = {isa = PBXFileReference; lastKnownFileType = text.plist.xml; path = Info.plist; sourceTree = "<group>"; };
		62A5C7002CE29B70002A346E /* RecipeTests.xctest */ = {isa = PBXFileReference; explicitFileType = wrapper.cfbundle; includeInIndex = 0; path = RecipeTests.xctest; sourceTree = BUILT_PRODUCTS_DIR; };
		62A5C7042CE29B70002A346E /* RecipeTests.swift */ = {isa = PBXFileReference; lastKnownFileType = sourcecode.swift; path = RecipeTests.swift; sourceTree = "<group>"; };
		62A5C70A2CE29B70002A346E /* RecipeUITests.xctest */ = {isa = PBXFileReference; explicitFileType = wrapper.cfbundle; includeInIndex = 0; path = RecipeUITests.xctest; sourceTree = BUILT_PRODUCTS_DIR; };
		62A5C70E2CE29B70002A346E /* RecipeUITests.swift */ = {isa = PBXFileReference; lastKnownFileType = sourcecode.swift; path = RecipeUITests.swift; sourceTree = "<group>"; };
		62A5C7102CE29B70002A346E /* RecipeUITestsLaunchTests.swift */ = {isa = PBXFileReference; lastKnownFileType = sourcecode.swift; path = RecipeUITestsLaunchTests.swift; sourceTree = "<group>"; };
		62A5C71D2CE29C84002A346E /* README.md */ = {isa = PBXFileReference; fileEncoding = 4; lastKnownFileType = net.daringfireball.markdown; path = README.md; sourceTree = SOURCE_ROOT; };
		62A5C7212CE29E7B002A346E /* RecipeListViewController.swift */ = {isa = PBXFileReference; lastKnownFileType = sourcecode.swift; path = RecipeListViewController.swift; sourceTree = "<group>"; };
		62A5C7232CE29E85002A346E /* RecipeListView.swift */ = {isa = PBXFileReference; lastKnownFileType = sourcecode.swift; path = RecipeListView.swift; sourceTree = "<group>"; };
		62A5C7252CE29E8E002A346E /* RecipeListViewModel.swift */ = {isa = PBXFileReference; lastKnownFileType = sourcecode.swift; path = RecipeListViewModel.swift; sourceTree = "<group>"; };
/* End PBXFileReference section */

/* Begin PBXFrameworksBuildPhase section */
		62A5C6E72CE29B6E002A346E /* Frameworks */ = {
			isa = PBXFrameworksBuildPhase;
			buildActionMask = 2147483647;
			files = (
			);
			runOnlyForDeploymentPostprocessing = 0;
		};
		62A5C6FD2CE29B70002A346E /* Frameworks */ = {
			isa = PBXFrameworksBuildPhase;
			buildActionMask = 2147483647;
			files = (
			);
			runOnlyForDeploymentPostprocessing = 0;
		};
		62A5C7072CE29B70002A346E /* Frameworks */ = {
			isa = PBXFrameworksBuildPhase;
			buildActionMask = 2147483647;
			files = (
			);
			runOnlyForDeploymentPostprocessing = 0;
		};
/* End PBXFrameworksBuildPhase section */

/* Begin PBXGroup section */
		62A5C6E12CE29B6E002A346E = {
			isa = PBXGroup;
			children = (
				62A5C6EC2CE29B6E002A346E /* Recipe */,
				62A5C7032CE29B70002A346E /* RecipeTests */,
				62A5C70D2CE29B70002A346E /* RecipeUITests */,
				62A5C6EB2CE29B6E002A346E /* Products */,
			);
			sourceTree = "<group>";
		};
		62A5C6EB2CE29B6E002A346E /* Products */ = {
			isa = PBXGroup;
			children = (
				62A5C6EA2CE29B6E002A346E /* Recipe.app */,
				62A5C7002CE29B70002A346E /* RecipeTests.xctest */,
				62A5C70A2CE29B70002A346E /* RecipeUITests.xctest */,
			);
			name = Products;
			sourceTree = "<group>";
		};
		62A5C6EC2CE29B6E002A346E /* Recipe */ = {
			isa = PBXGroup;
			children = (
				62A5C71F2CE29E4C002A346E /* Features */,
				62A5C6ED2CE29B6E002A346E /* AppDelegate.swift */,
				62A5C6F12CE29B6E002A346E /* ViewController.swift */,
				62A5C6F62CE29B6F002A346E /* Assets.xcassets */,
				62A5C6F82CE29B6F002A346E /* LaunchScreen.storyboard */,
				62A5C6FB2CE29B6F002A346E /* Info.plist */,
				62A5C71D2CE29C84002A346E /* README.md */,
			);
			path = Recipe;
			sourceTree = "<group>";
		};
		62A5C7032CE29B70002A346E /* RecipeTests */ = {
			isa = PBXGroup;
			children = (
				62A5C7042CE29B70002A346E /* RecipeTests.swift */,
			);
			path = RecipeTests;
			sourceTree = "<group>";
		};
		62A5C70D2CE29B70002A346E /* RecipeUITests */ = {
			isa = PBXGroup;
			children = (
				62A5C70E2CE29B70002A346E /* RecipeUITests.swift */,
				62A5C7102CE29B70002A346E /* RecipeUITestsLaunchTests.swift */,
			);
			path = RecipeUITests;
			sourceTree = "<group>";
		};
		62A5C71F2CE29E4C002A346E /* Features */ = {
			isa = PBXGroup;
			children = (
				62A5C7202CE29E63002A346E /* RecipeList */,
			);
			path = Features;
			sourceTree = "<group>";
		};
		62A5C7202CE29E63002A346E /* RecipeList */ = {
			isa = PBXGroup;
			children = (
				62A5C7212CE29E7B002A346E /* RecipeListViewController.swift */,
				62A5C7232CE29E85002A346E /* RecipeListView.swift */,
				62A5C7252CE29E8E002A346E /* RecipeListViewModel.swift */,
			);
			path = RecipeList;
			sourceTree = "<group>";
		};
/* End PBXGroup section */

/* Begin PBXNativeTarget section */
		62A5C6E92CE29B6E002A346E /* Recipe */ = {
			isa = PBXNativeTarget;
			buildConfigurationList = 62A5C7142CE29B70002A346E /* Build configuration list for PBXNativeTarget "Recipe" */;
			buildPhases = (
				62A5C6E62CE29B6E002A346E /* Sources */,
				62A5C6E72CE29B6E002A346E /* Frameworks */,
				62A5C6E82CE29B6E002A346E /* Resources */,
			);
			buildRules = (
			);
			dependencies = (
			);
			name = Recipe;
			productName = Recipe;
			productReference = 62A5C6EA2CE29B6E002A346E /* Recipe.app */;
			productType = "com.apple.product-type.application";
		};
		62A5C6FF2CE29B70002A346E /* RecipeTests */ = {
			isa = PBXNativeTarget;
			buildConfigurationList = 62A5C7172CE29B70002A346E /* Build configuration list for PBXNativeTarget "RecipeTests" */;
			buildPhases = (
				62A5C6FC2CE29B70002A346E /* Sources */,
				62A5C6FD2CE29B70002A346E /* Frameworks */,
				62A5C6FE2CE29B70002A346E /* Resources */,
			);
			buildRules = (
			);
			dependencies = (
				62A5C7022CE29B70002A346E /* PBXTargetDependency */,
			);
			name = RecipeTests;
			productName = RecipeTests;
			productReference = 62A5C7002CE29B70002A346E /* RecipeTests.xctest */;
			productType = "com.apple.product-type.bundle.unit-test";
		};
		62A5C7092CE29B70002A346E /* RecipeUITests */ = {
			isa = PBXNativeTarget;
			buildConfigurationList = 62A5C71A2CE29B70002A346E /* Build configuration list for PBXNativeTarget "RecipeUITests" */;
			buildPhases = (
				62A5C7062CE29B70002A346E /* Sources */,
				62A5C7072CE29B70002A346E /* Frameworks */,
				62A5C7082CE29B70002A346E /* Resources */,
			);
			buildRules = (
			);
			dependencies = (
				62A5C70C2CE29B70002A346E /* PBXTargetDependency */,
			);
			name = RecipeUITests;
			productName = RecipeUITests;
			productReference = 62A5C70A2CE29B70002A346E /* RecipeUITests.xctest */;
			productType = "com.apple.product-type.bundle.ui-testing";
		};
/* End PBXNativeTarget section */

/* Begin PBXProject section */
		62A5C6E22CE29B6E002A346E /* Project object */ = {
			isa = PBXProject;
			attributes = {
				BuildIndependentTargetsInParallel = 1;
				LastSwiftUpdateCheck = 1520;
				LastUpgradeCheck = 1520;
				TargetAttributes = {
					62A5C6E92CE29B6E002A346E = {
						CreatedOnToolsVersion = 15.2;
					};
					62A5C6FF2CE29B70002A346E = {
						CreatedOnToolsVersion = 15.2;
						TestTargetID = 62A5C6E92CE29B6E002A346E;
					};
					62A5C7092CE29B70002A346E = {
						CreatedOnToolsVersion = 15.2;
						TestTargetID = 62A5C6E92CE29B6E002A346E;
					};
				};
			};
			buildConfigurationList = 62A5C6E52CE29B6E002A346E /* Build configuration list for PBXProject "Recipe" */;
			compatibilityVersion = "Xcode 14.0";
			developmentRegion = en;
			hasScannedForEncodings = 0;
			knownRegions = (
				en,
				Base,
			);
			mainGroup = 62A5C6E12CE29B6E002A346E;
			productRefGroup = 62A5C6EB2CE29B6E002A346E /* Products */;
			projectDirPath = "";
			projectRoot = "";
			targets = (
				62A5C6E92CE29B6E002A346E /* Recipe */,
				62A5C6FF2CE29B70002A346E /* RecipeTests */,
				62A5C7092CE29B70002A346E /* RecipeUITests */,
			);
		};
/* End PBXProject section */

/* Begin PBXResourcesBuildPhase section */
		62A5C6E82CE29B6E002A346E /* Resources */ = {
			isa = PBXResourcesBuildPhase;
			buildActionMask = 2147483647;
			files = (
				62A5C71E2CE29C84002A346E /* README.md in Resources */,
				62A5C6FA2CE29B6F002A346E /* LaunchScreen.storyboard in Resources */,
				62A5C6F72CE29B6F002A346E /* Assets.xcassets in Resources */,
			);
			runOnlyForDeploymentPostprocessing = 0;
		};
		62A5C6FE2CE29B70002A346E /* Resources */ = {
			isa = PBXResourcesBuildPhase;
			buildActionMask = 2147483647;
			files = (
			);
			runOnlyForDeploymentPostprocessing = 0;
		};
		62A5C7082CE29B70002A346E /* Resources */ = {
			isa = PBXResourcesBuildPhase;
			buildActionMask = 2147483647;
			files = (
			);
			runOnlyForDeploymentPostprocessing = 0;
		};
/* End PBXResourcesBuildPhase section */

/* Begin PBXSourcesBuildPhase section */
		62A5C6E62CE29B6E002A346E /* Sources */ = {
			isa = PBXSourcesBuildPhase;
			buildActionMask = 2147483647;
			files = (
				62A5C6F22CE29B6E002A346E /* ViewController.swift in Sources */,
				62A5C6EE2CE29B6E002A346E /* AppDelegate.swift in Sources */,
				62A5C7242CE29E85002A346E /* RecipeListView.swift in Sources */,
				62A5C7262CE29E8E002A346E /* RecipeListViewModel.swift in Sources */,
				62A5C7222CE29E7B002A346E /* RecipeListViewController.swift in Sources */,
			);
			runOnlyForDeploymentPostprocessing = 0;
		};
		62A5C6FC2CE29B70002A346E /* Sources */ = {
			isa = PBXSourcesBuildPhase;
			buildActionMask = 2147483647;
			files = (
				62A5C7052CE29B70002A346E /* RecipeTests.swift in Sources */,
			);
			runOnlyForDeploymentPostprocessing = 0;
		};
		62A5C7062CE29B70002A346E /* Sources */ = {
			isa = PBXSourcesBuildPhase;
			buildActionMask = 2147483647;
			files = (
				62A5C7112CE29B70002A346E /* RecipeUITestsLaunchTests.swift in Sources */,
				62A5C70F2CE29B70002A346E /* RecipeUITests.swift in Sources */,
			);
			runOnlyForDeploymentPostprocessing = 0;
		};
/* End PBXSourcesBuildPhase section */

/* Begin PBXTargetDependency section */
		62A5C7022CE29B70002A346E /* PBXTargetDependency */ = {
			isa = PBXTargetDependency;
			target = 62A5C6E92CE29B6E002A346E /* Recipe */;
			targetProxy = 62A5C7012CE29B70002A346E /* PBXContainerItemProxy */;
		};
		62A5C70C2CE29B70002A346E /* PBXTargetDependency */ = {
			isa = PBXTargetDependency;
			target = 62A5C6E92CE29B6E002A346E /* Recipe */;
			targetProxy = 62A5C70B2CE29B70002A346E /* PBXContainerItemProxy */;
		};
/* End PBXTargetDependency section */

/* Begin PBXVariantGroup section */
		62A5C6F82CE29B6F002A346E /* LaunchScreen.storyboard */ = {
			isa = PBXVariantGroup;
			children = (
				62A5C6F92CE29B6F002A346E /* Base */,
			);
			name = LaunchScreen.storyboard;
			sourceTree = "<group>";
		};
/* End PBXVariantGroup section */

/* Begin XCBuildConfiguration section */
		62A5C7122CE29B70002A346E /* Debug */ = {
			isa = XCBuildConfiguration;
			buildSettings = {
				ALWAYS_SEARCH_USER_PATHS = NO;
				ASSETCATALOG_COMPILER_GENERATE_SWIFT_ASSET_SYMBOL_EXTENSIONS = YES;
				CLANG_ANALYZER_NONNULL = YES;
				CLANG_ANALYZER_NUMBER_OBJECT_CONVERSION = YES_AGGRESSIVE;
				CLANG_CXX_LANGUAGE_STANDARD = "gnu++20";
				CLANG_ENABLE_MODULES = YES;
				CLANG_ENABLE_OBJC_ARC = YES;
				CLANG_ENABLE_OBJC_WEAK = YES;
				CLANG_WARN_BLOCK_CAPTURE_AUTORELEASING = YES;
				CLANG_WARN_BOOL_CONVERSION = YES;
				CLANG_WARN_COMMA = YES;
				CLANG_WARN_CONSTANT_CONVERSION = YES;
				CLANG_WARN_DEPRECATED_OBJC_IMPLEMENTATIONS = YES;
				CLANG_WARN_DIRECT_OBJC_ISA_USAGE = YES_ERROR;
				CLANG_WARN_DOCUMENTATION_COMMENTS = YES;
				CLANG_WARN_EMPTY_BODY = YES;
				CLANG_WARN_ENUM_CONVERSION = YES;
				CLANG_WARN_INFINITE_RECURSION = YES;
				CLANG_WARN_INT_CONVERSION = YES;
				CLANG_WARN_NON_LITERAL_NULL_CONVERSION = YES;
				CLANG_WARN_OBJC_IMPLICIT_RETAIN_SELF = YES;
				CLANG_WARN_OBJC_LITERAL_CONVERSION = YES;
				CLANG_WARN_OBJC_ROOT_CLASS = YES_ERROR;
				CLANG_WARN_QUOTED_INCLUDE_IN_FRAMEWORK_HEADER = YES;
				CLANG_WARN_RANGE_LOOP_ANALYSIS = YES;
				CLANG_WARN_STRICT_PROTOTYPES = YES;
				CLANG_WARN_SUSPICIOUS_MOVE = YES;
				CLANG_WARN_UNGUARDED_AVAILABILITY = YES_AGGRESSIVE;
				CLANG_WARN_UNREACHABLE_CODE = YES;
				CLANG_WARN__DUPLICATE_METHOD_MATCH = YES;
				COPY_PHASE_STRIP = NO;
				DEBUG_INFORMATION_FORMAT = dwarf;
				ENABLE_STRICT_OBJC_MSGSEND = YES;
				ENABLE_TESTABILITY = YES;
				ENABLE_USER_SCRIPT_SANDBOXING = YES;
				GCC_C_LANGUAGE_STANDARD = gnu17;
				GCC_DYNAMIC_NO_PIC = NO;
				GCC_NO_COMMON_BLOCKS = YES;
				GCC_OPTIMIZATION_LEVEL = 0;
				GCC_PREPROCESSOR_DEFINITIONS = (
					"DEBUG=1",
					"$(inherited)",
				);
				GCC_WARN_64_TO_32_BIT_CONVERSION = YES;
				GCC_WARN_ABOUT_RETURN_TYPE = YES_ERROR;
				GCC_WARN_UNDECLARED_SELECTOR = YES;
				GCC_WARN_UNINITIALIZED_AUTOS = YES_AGGRESSIVE;
				GCC_WARN_UNUSED_FUNCTION = YES;
				GCC_WARN_UNUSED_VARIABLE = YES;
				IPHONEOS_DEPLOYMENT_TARGET = 17.2;
				LOCALIZATION_PREFERS_STRING_CATALOGS = YES;
				MTL_ENABLE_DEBUG_INFO = INCLUDE_SOURCE;
				MTL_FAST_MATH = YES;
				ONLY_ACTIVE_ARCH = YES;
				SDKROOT = iphoneos;
				SWIFT_ACTIVE_COMPILATION_CONDITIONS = "DEBUG $(inherited)";
				SWIFT_OPTIMIZATION_LEVEL = "-Onone";
			};
			name = Debug;
		};
		62A5C7132CE29B70002A346E /* Release */ = {
			isa = XCBuildConfiguration;
			buildSettings = {
				ALWAYS_SEARCH_USER_PATHS = NO;
				ASSETCATALOG_COMPILER_GENERATE_SWIFT_ASSET_SYMBOL_EXTENSIONS = YES;
				CLANG_ANALYZER_NONNULL = YES;
				CLANG_ANALYZER_NUMBER_OBJECT_CONVERSION = YES_AGGRESSIVE;
				CLANG_CXX_LANGUAGE_STANDARD = "gnu++20";
				CLANG_ENABLE_MODULES = YES;
				CLANG_ENABLE_OBJC_ARC = YES;
				CLANG_ENABLE_OBJC_WEAK = YES;
				CLANG_WARN_BLOCK_CAPTURE_AUTORELEASING = YES;
				CLANG_WARN_BOOL_CONVERSION = YES;
				CLANG_WARN_COMMA = YES;
				CLANG_WARN_CONSTANT_CONVERSION = YES;
				CLANG_WARN_DEPRECATED_OBJC_IMPLEMENTATIONS = YES;
				CLANG_WARN_DIRECT_OBJC_ISA_USAGE = YES_ERROR;
				CLANG_WARN_DOCUMENTATION_COMMENTS = YES;
				CLANG_WARN_EMPTY_BODY = YES;
				CLANG_WARN_ENUM_CONVERSION = YES;
				CLANG_WARN_INFINITE_RECURSION = YES;
				CLANG_WARN_INT_CONVERSION = YES;
				CLANG_WARN_NON_LITERAL_NULL_CONVERSION = YES;
				CLANG_WARN_OBJC_IMPLICIT_RETAIN_SELF = YES;
				CLANG_WARN_OBJC_LITERAL_CONVERSION = YES;
				CLANG_WARN_OBJC_ROOT_CLASS = YES_ERROR;
				CLANG_WARN_QUOTED_INCLUDE_IN_FRAMEWORK_HEADER = YES;
				CLANG_WARN_RANGE_LOOP_ANALYSIS = YES;
				CLANG_WARN_STRICT_PROTOTYPES = YES;
				CLANG_WARN_SUSPICIOUS_MOVE = YES;
				CLANG_WARN_UNGUARDED_AVAILABILITY = YES_AGGRESSIVE;
				CLANG_WARN_UNREACHABLE_CODE = YES;
				CLANG_WARN__DUPLICATE_METHOD_MATCH = YES;
				COPY_PHASE_STRIP = NO;
				DEBUG_INFORMATION_FORMAT = "dwarf-with-dsym";
				ENABLE_NS_ASSERTIONS = NO;
				ENABLE_STRICT_OBJC_MSGSEND = YES;
				ENABLE_USER_SCRIPT_SANDBOXING = YES;
				GCC_C_LANGUAGE_STANDARD = gnu17;
				GCC_NO_COMMON_BLOCKS = YES;
				GCC_WARN_64_TO_32_BIT_CONVERSION = YES;
				GCC_WARN_ABOUT_RETURN_TYPE = YES_ERROR;
				GCC_WARN_UNDECLARED_SELECTOR = YES;
				GCC_WARN_UNINITIALIZED_AUTOS = YES_AGGRESSIVE;
				GCC_WARN_UNUSED_FUNCTION = YES;
				GCC_WARN_UNUSED_VARIABLE = YES;
				IPHONEOS_DEPLOYMENT_TARGET = 17.2;
				LOCALIZATION_PREFERS_STRING_CATALOGS = YES;
				MTL_ENABLE_DEBUG_INFO = NO;
				MTL_FAST_MATH = YES;
				SDKROOT = iphoneos;
				SWIFT_COMPILATION_MODE = wholemodule;
				VALIDATE_PRODUCT = YES;
			};
			name = Release;
		};
		62A5C7152CE29B70002A346E /* Debug */ = {
			isa = XCBuildConfiguration;
			buildSettings = {
				ASSETCATALOG_COMPILER_APPICON_NAME = AppIcon;
				ASSETCATALOG_COMPILER_GLOBAL_ACCENT_COLOR_NAME = AccentColor;
				CODE_SIGN_STYLE = Automatic;
				CURRENT_PROJECT_VERSION = 1;
				GENERATE_INFOPLIST_FILE = YES;
				INFOPLIST_FILE = Recipe/Info.plist;
				INFOPLIST_KEY_UIApplicationSupportsIndirectInputEvents = YES;
				INFOPLIST_KEY_UILaunchStoryboardName = "";
				INFOPLIST_KEY_UIMainStoryboardFile = "";
				INFOPLIST_KEY_UISupportedInterfaceOrientations = UIInterfaceOrientationPortrait;
				INFOPLIST_KEY_UISupportedInterfaceOrientations_iPad = "UIInterfaceOrientationLandscapeLeft UIInterfaceOrientationLandscapeRight UIInterfaceOrientationPortrait UIInterfaceOrientationPortraitUpsideDown";
				IPHONEOS_DEPLOYMENT_TARGET = 16.0;
				LD_RUNPATH_SEARCH_PATHS = (
					"$(inherited)",
					"@executable_path/Frameworks",
				);
				MARKETING_VERSION = 1.0;
				PRODUCT_BUNDLE_IDENTIFIER = com.fetch.Recipe;
				PRODUCT_NAME = "$(TARGET_NAME)";
				SWIFT_EMIT_LOC_STRINGS = YES;
				SWIFT_VERSION = 5.0;
				TARGETED_DEVICE_FAMILY = "1,2";
			};
			name = Debug;
		};
		62A5C7162CE29B70002A346E /* Release */ = {
			isa = XCBuildConfiguration;
			buildSettings = {
				ASSETCATALOG_COMPILER_APPICON_NAME = AppIcon;
				ASSETCATALOG_COMPILER_GLOBAL_ACCENT_COLOR_NAME = AccentColor;
				CODE_SIGN_STYLE = Automatic;
				CURRENT_PROJECT_VERSION = 1;
				GENERATE_INFOPLIST_FILE = YES;
				INFOPLIST_FILE = Recipe/Info.plist;
				INFOPLIST_KEY_UIApplicationSupportsIndirectInputEvents = YES;
				INFOPLIST_KEY_UILaunchStoryboardName = "";
				INFOPLIST_KEY_UIMainStoryboardFile = "";
				INFOPLIST_KEY_UISupportedInterfaceOrientations = UIInterfaceOrientationPortrait;
				INFOPLIST_KEY_UISupportedInterfaceOrientations_iPad = "UIInterfaceOrientationLandscapeLeft UIInterfaceOrientationLandscapeRight UIInterfaceOrientationPortrait UIInterfaceOrientationPortraitUpsideDown";
				IPHONEOS_DEPLOYMENT_TARGET = 16.0;
				LD_RUNPATH_SEARCH_PATHS = (
					"$(inherited)",
					"@executable_path/Frameworks",
				);
				MARKETING_VERSION = 1.0;
				PRODUCT_BUNDLE_IDENTIFIER = com.fetch.Recipe;
				PRODUCT_NAME = "$(TARGET_NAME)";
				SWIFT_EMIT_LOC_STRINGS = YES;
				SWIFT_VERSION = 5.0;
				TARGETED_DEVICE_FAMILY = "1,2";
			};
			name = Release;
		};
		62A5C7182CE29B70002A346E /* Debug */ = {
			isa = XCBuildConfiguration;
			buildSettings = {
				ALWAYS_EMBED_SWIFT_STANDARD_LIBRARIES = YES;
				BUNDLE_LOADER = "$(TEST_HOST)";
				CODE_SIGN_STYLE = Automatic;
				CURRENT_PROJECT_VERSION = 1;
				GENERATE_INFOPLIST_FILE = YES;
				IPHONEOS_DEPLOYMENT_TARGET = 17.2;
				MARKETING_VERSION = 1.0;
				PRODUCT_BUNDLE_IDENTIFIER = com.fetch.RecipeTests;
				PRODUCT_NAME = "$(TARGET_NAME)";
				SWIFT_EMIT_LOC_STRINGS = NO;
				SWIFT_VERSION = 5.0;
				TARGETED_DEVICE_FAMILY = "1,2";
				TEST_HOST = "$(BUILT_PRODUCTS_DIR)/Recipe.app/$(BUNDLE_EXECUTABLE_FOLDER_PATH)/Recipe";
			};
			name = Debug;
		};
		62A5C7192CE29B70002A346E /* Release */ = {
			isa = XCBuildConfiguration;
			buildSettings = {
				ALWAYS_EMBED_SWIFT_STANDARD_LIBRARIES = YES;
				BUNDLE_LOADER = "$(TEST_HOST)";
				CODE_SIGN_STYLE = Automatic;
				CURRENT_PROJECT_VERSION = 1;
				GENERATE_INFOPLIST_FILE = YES;
				IPHONEOS_DEPLOYMENT_TARGET = 17.2;
				MARKETING_VERSION = 1.0;
				PRODUCT_BUNDLE_IDENTIFIER = com.fetch.RecipeTests;
				PRODUCT_NAME = "$(TARGET_NAME)";
				SWIFT_EMIT_LOC_STRINGS = NO;
				SWIFT_VERSION = 5.0;
				TARGETED_DEVICE_FAMILY = "1,2";
				TEST_HOST = "$(BUILT_PRODUCTS_DIR)/Recipe.app/$(BUNDLE_EXECUTABLE_FOLDER_PATH)/Recipe";
			};
			name = Release;
		};
		62A5C71B2CE29B70002A346E /* Debug */ = {
			isa = XCBuildConfiguration;
			buildSettings = {
				ALWAYS_EMBED_SWIFT_STANDARD_LIBRARIES = YES;
				CODE_SIGN_STYLE = Automatic;
				CURRENT_PROJECT_VERSION = 1;
				GENERATE_INFOPLIST_FILE = YES;
				MARKETING_VERSION = 1.0;
				PRODUCT_BUNDLE_IDENTIFIER = com.fetch.RecipeUITests;
				PRODUCT_NAME = "$(TARGET_NAME)";
				SWIFT_EMIT_LOC_STRINGS = NO;
				SWIFT_VERSION = 5.0;
				TARGETED_DEVICE_FAMILY = "1,2";
				TEST_TARGET_NAME = Recipe;
			};
			name = Debug;
		};
		62A5C71C2CE29B70002A346E /* Release */ = {
			isa = XCBuildConfiguration;
			buildSettings = {
				ALWAYS_EMBED_SWIFT_STANDARD_LIBRARIES = YES;
				CODE_SIGN_STYLE = Automatic;
				CURRENT_PROJECT_VERSION = 1;
				GENERATE_INFOPLIST_FILE = YES;
				MARKETING_VERSION = 1.0;
				PRODUCT_BUNDLE_IDENTIFIER = com.fetch.RecipeUITests;
				PRODUCT_NAME = "$(TARGET_NAME)";
				SWIFT_EMIT_LOC_STRINGS = NO;
				SWIFT_VERSION = 5.0;
				TARGETED_DEVICE_FAMILY = "1,2";
				TEST_TARGET_NAME = Recipe;
			};
			name = Release;
		};
/* End XCBuildConfiguration section */

/* Begin XCConfigurationList section */
		62A5C6E52CE29B6E002A346E /* Build configuration list for PBXProject "Recipe" */ = {
			isa = XCConfigurationList;
			buildConfigurations = (
				62A5C7122CE29B70002A346E /* Debug */,
				62A5C7132CE29B70002A346E /* Release */,
			);
			defaultConfigurationIsVisible = 0;
			defaultConfigurationName = Release;
		};
		62A5C7142CE29B70002A346E /* Build configuration list for PBXNativeTarget "Recipe" */ = {
			isa = XCConfigurationList;
			buildConfigurations = (
				62A5C7152CE29B70002A346E /* Debug */,
				62A5C7162CE29B70002A346E /* Release */,
			);
			defaultConfigurationIsVisible = 0;
			defaultConfigurationName = Release;
		};
		62A5C7172CE29B70002A346E /* Build configuration list for PBXNativeTarget "RecipeTests" */ = {
			isa = XCConfigurationList;
			buildConfigurations = (
				62A5C7182CE29B70002A346E /* Debug */,
				62A5C7192CE29B70002A346E /* Release */,
			);
			defaultConfigurationIsVisible = 0;
			defaultConfigurationName = Release;
		};
		62A5C71A2CE29B70002A346E /* Build configuration list for PBXNativeTarget "RecipeUITests" */ = {
			isa = XCConfigurationList;
			buildConfigurations = (
				62A5C71B2CE29B70002A346E /* Debug */,
				62A5C71C2CE29B70002A346E /* Release */,
			);
			defaultConfigurationIsVisible = 0;
			defaultConfigurationName = Release;
		};
/* End XCConfigurationList section */
	};
	rootObject = 62A5C6E22CE29B6E002A346E /* Project object */;
}
